{
  "name": "1.19.80",
  "lockfileVersion": 2,
  "requires": true,
  "packages": {
    "": {
      "dependencies": {
        "@minecraft/server": "^1.2.0-beta.1.19.80-stable",
        "@minecraft/server-admin": "^1.0.0-beta.1.20.0-preview.22",
        "@minecraft/server-gametest": "^1.0.0-beta.1.20.0-preview.22",
        "@minecraft/server-net": "^1.0.0-beta.1.20.0-preview.22",
        "@minecraft/server-ui": "^1.0.0-beta.1.19.80-stable",
        "@types/mojang-gametest": "^0.1.5",
        "@types/mojang-minecraft": "^0.1.6",
        "@types/mojang-minecraft-ui": "^0.1.0",
        "suika-docs-theme": "^1.0.7",
        "typedoc-default-themes-dark": "^0.12.10"
      },
      "devDependencies": {
        "typedoc": "^0.24.6"
      }
    },
    "node_modules/@minecraft/server": {
      "version": "1.2.0-beta.1.19.80-stable",
      "resolved": "https://registry.npmjs.org/@minecraft/server/-/server-1.2.0-beta.1.19.80-stable.tgz",
      "integrity": "sha512-EVlPbaMWmQMJtPwCPtRMqsmWLTWzOUzUdBjDZWQ+3hM4Oi4OqoFTR22i+e0CgJ6UVHNx/xNyh5h6h0AV36pkxw=="
    },
    "node_modules/@minecraft/server-admin": {
      "version": "1.0.0-beta.1.20.0-preview.22",
      "resolved": "https://registry.npmjs.org/@minecraft/server-admin/-/server-admin-1.0.0-beta.1.20.0-preview.22.tgz",
      "integrity": "sha512-41jcSvIBaZoWZ1usXRpbju1S5ayXKOF3Y+QMHVHdDFsV1LiTsbujjZpsZwRwU04ZzU4VnpEtgzSmpE/+0VFPdw=="
    },
    "node_modules/@minecraft/server-gametest": {
      "version": "1.0.0-beta.1.20.0-preview.22",
      "resolved": "https://registry.npmjs.org/@minecraft/server-gametest/-/server-gametest-1.0.0-beta.1.20.0-preview.22.tgz",
      "integrity": "sha512-xzj9a80nMx3FUoySTaoy5EQdBauAZtr+sbhmxljulP0/qNCAoly7PtSXvT5CedQX5ultC/7KYH0Nv51fQZq4lQ==",
      "dependencies": {
        "@minecraft/server": "1.3.0-beta.1.20.0-preview.22"
      }
    },
    "node_modules/@minecraft/server-gametest/node_modules/@minecraft/server": {
      "version": "1.3.0-beta.1.20.0-preview.22",
      "resolved": "https://registry.npmjs.org/@minecraft/server/-/server-1.3.0-beta.1.20.0-preview.22.tgz",
      "integrity": "sha512-u+EXv+6tkJ7c8uab6ENjYf3jWHXYE187s9/56HrgNuf3sJ3P31GzfYlgh+ioHrVX/W31DZb3IQpdBbMCfaFUcA=="
    },
    "node_modules/@minecraft/server-net": {
      "version": "1.0.0-beta.1.20.0-preview.22",
      "resolved": "https://registry.npmjs.org/@minecraft/server-net/-/server-net-1.0.0-beta.1.20.0-preview.22.tgz",
      "integrity": "sha512-UXLS5Rr9YlTQ84cvXF8mwPN4PCqiUgvqIiNO3BkqjL4bKRQsoBFC5qGYC68ZHWdpJBjDoIVgDRYaM3/Jdz+0BA==",
      "dependencies": {
        "@minecraft/server-admin": "1.0.0-beta.1.20.0-preview.22"
      }
    },
    "node_modules/@minecraft/server-ui": {
      "version": "1.0.0-beta.1.19.80-stable",
      "resolved": "https://registry.npmjs.org/@minecraft/server-ui/-/server-ui-1.0.0-beta.1.19.80-stable.tgz",
      "integrity": "sha512-elCqJecskP3kVUM5hB9GOZh/mNVk221iCvam1M8h/vRHxts/8mxIZo2Cw8T+BjMh4Ga1gsUXhouMIlcBYMIVyw==",
      "dependencies": {
        "@minecraft/server": "1.2.0-beta.1.19.80-stable"
      }
    },
    "node_modules/@types/mojang-gametest": {
      "version": "0.1.5",
      "resolved": "https://registry.npmjs.org/@types/mojang-gametest/-/mojang-gametest-0.1.5.tgz",
      "integrity": "sha512-wFSw1R/Xmck7bg6RATTMapiLlz+3gY87fAgcBQM+SJWPyA08GW1t4a5DYVCUlM45uNrcbS38orWrDTU2xY5KQQ==",
      "dependencies": {
        "@types/mojang-minecraft": "*"
      }
    },
    "node_modules/@types/mojang-minecraft": {
      "version": "0.1.6",
      "resolved": "https://registry.npmjs.org/@types/mojang-minecraft/-/mojang-minecraft-0.1.6.tgz",
      "integrity": "sha512-Zho2/JYWmowvOYGVcnV08DRASYm66oeENR4yvXTLpMXWJm/j12rbuk5ddXQoE+GIu+vsbsQzzJFHeZ3HxI1TLw=="
    },
    "node_modules/@types/mojang-minecraft-ui": {
      "version": "0.1.0",
      "resolved": "https://registry.npmjs.org/@types/mojang-minecraft-ui/-/mojang-minecraft-ui-0.1.0.tgz",
      "integrity": "sha512-JGQ3xEPEV4DZsUKM4GgLpoWbLUHyMsN9vLRhClOQItgNd79TireJPGwJ+4bnTWddreL4oqxI32ceIQThG/GoTw==",
      "dependencies": {
        "@types/mojang-minecraft": "*"
      }
    },
    "node_modules/ansi-sequence-parser": {
      "version": "1.1.0",
      "resolved": "https://registry.npmjs.org/ansi-sequence-parser/-/ansi-sequence-parser-1.1.0.tgz",
      "integrity": "sha512-lEm8mt52to2fT8GhciPCGeCXACSz2UwIN4X2e2LJSnZ5uAbn2/dsYdOmUXq0AtWS5cpAupysIneExOgH0Vd2TQ=="
    },
    "node_modules/anymatch": {
      "version": "3.1.3",
      "resolved": "https://registry.npmjs.org/anymatch/-/anymatch-3.1.3.tgz",
      "integrity": "sha512-KMReFUr0B4t+D+OBkjR3KYqvocp2XaSzO55UcB6mgQMd3KbcE+mWTyvVV7D/zsdEbNnV6acZUutkiHQXvTr1Rw==",
      "dependencies": {
        "normalize-path": "^3.0.0",
        "picomatch": "^2.0.4"
      },
      "engines": {
        "node": ">= 8"
      }
    },
    "node_modules/balanced-match": {
      "version": "1.0.2",
      "resolved": "https://registry.npmjs.org/balanced-match/-/balanced-match-1.0.2.tgz",
      "integrity": "sha512-3oSeUO0TMV67hN1AmbXsK4yaqU7tjiHlbxRDZOpH0KW9+CeX4bRAaX0Anxt0tx2MrpRpWwQaPwIlISEJhYU5Pw=="
    },
    "node_modules/binary-extensions": {
      "version": "2.2.0",
      "resolved": "https://registry.npmjs.org/binary-extensions/-/binary-extensions-2.2.0.tgz",
      "integrity": "sha512-jDctJ/IVQbZoJykoeHbhXpOlNBqGNcwXJKJog42E5HDPUwQTSdjCHdihjj0DlnheQ7blbT6dHOafNAiS8ooQKA==",
      "engines": {
        "node": ">=8"
      }
    },
    "node_modules/brace-expansion": {
      "version": "2.0.1",
      "resolved": "https://registry.npmjs.org/brace-expansion/-/brace-expansion-2.0.1.tgz",
      "integrity": "sha512-XnAIvQ8eM+kC6aULx6wuQiwVsnzsi9d3WxzV3FpWTGA19F621kwdbsAcFKXgKUHZWsy+mY6iL1sHTxWEFCytDA==",
      "dependencies": {
        "balanced-match": "^1.0.0"
      }
    },
    "node_modules/braces": {
      "version": "3.0.2",
      "resolved": "https://registry.npmjs.org/braces/-/braces-3.0.2.tgz",
      "integrity": "sha512-b8um+L1RzM3WDSzvhm6gIz1yfTbBt6YTlcEKAvsmqCZZFw46z626lVj9j1yEPW33H5H+lBQpZMP1k8l+78Ha0A==",
      "dependencies": {
        "fill-range": "^7.0.1"
      },
      "engines": {
        "node": ">=8"
      }
    },
    "node_modules/chokidar": {
      "version": "3.5.3",
      "resolved": "https://registry.npmjs.org/chokidar/-/chokidar-3.5.3.tgz",
      "integrity": "sha512-Dr3sfKRP6oTcjf2JmUmFJfeVMvXBdegxB0iVQ5eb2V10uFJUCAS8OByZdVAyVb8xXNz3GjjTgj9kLWsZTqE6kw==",
      "funding": [
        {
          "type": "individual",
          "url": "https://paulmillr.com/funding/"
        }
      ],
      "dependencies": {
        "anymatch": "~3.1.2",
        "braces": "~3.0.2",
        "glob-parent": "~5.1.2",
        "is-binary-path": "~2.1.0",
        "is-glob": "~4.0.1",
        "normalize-path": "~3.0.0",
        "readdirp": "~3.6.0"
      },
      "engines": {
        "node": ">= 8.10.0"
      },
      "optionalDependencies": {
        "fsevents": "~2.3.2"
      }
    },
    "node_modules/fill-range": {
      "version": "7.0.1",
      "resolved": "https://registry.npmjs.org/fill-range/-/fill-range-7.0.1.tgz",
      "integrity": "sha512-qOo9F+dMUmC2Lcb4BbVvnKJxTPjCm+RRpe4gDuGrzkL7mEVl/djYSu2OdQ2Pa302N4oqkSg9ir6jaLWJ2USVpQ==",
      "dependencies": {
        "to-regex-range": "^5.0.1"
      },
      "engines": {
        "node": ">=8"
      }
    },
    "node_modules/fsevents": {
      "version": "2.3.2",
      "resolved": "https://registry.npmjs.org/fsevents/-/fsevents-2.3.2.tgz",
      "integrity": "sha512-xiqMQR4xAeHTuB9uWm+fFRcIOgKBMiOBP+eXiyT7jsgVCq1bkVygt00oASowB7EdtpOHaaPgKt812P9ab+DDKA==",
      "hasInstallScript": true,
      "optional": true,
      "os": [
        "darwin"
      ],
      "engines": {
        "node": "^8.16.0 || ^10.6.0 || >=11.0.0"
      }
    },
    "node_modules/glob-parent": {
      "version": "5.1.2",
      "resolved": "https://registry.npmjs.org/glob-parent/-/glob-parent-5.1.2.tgz",
      "integrity": "sha512-AOIgSQCepiJYwP3ARnGx+5VnTu2HBYdzbGP45eLw1vr3zB3vZLeyed1sC9hnbcOc9/SrMyM5RPQrkGz4aS9Zow==",
      "dependencies": {
        "is-glob": "^4.0.1"
      },
      "engines": {
        "node": ">= 6"
      }
    },
    "node_modules/immutable": {
      "version": "4.3.0",
      "resolved": "https://registry.npmjs.org/immutable/-/immutable-4.3.0.tgz",
      "integrity": "sha512-0AOCmOip+xgJwEVTQj1EfiDDOkPmuyllDuTuEX+DDXUgapLAsBIfkg3sxCYyCEA8mQqZrrxPUGjcOQ2JS3WLkg=="
    },
    "node_modules/is-binary-path": {
      "version": "2.1.0",
      "resolved": "https://registry.npmjs.org/is-binary-path/-/is-binary-path-2.1.0.tgz",
      "integrity": "sha512-ZMERYes6pDydyuGidse7OsHxtbI7WVeUEozgR/g7rd0xUimYNlvZRE/K2MgZTjWy725IfelLeVcEM97mmtRGXw==",
      "dependencies": {
        "binary-extensions": "^2.0.0"
      },
      "engines": {
        "node": ">=8"
      }
    },
    "node_modules/is-extglob": {
      "version": "2.1.1",
      "resolved": "https://registry.npmjs.org/is-extglob/-/is-extglob-2.1.1.tgz",
      "integrity": "sha512-SbKbANkN603Vi4jEZv49LeVJMn4yGwsbzZworEoyEiutsN3nJYdbO36zfhGJ6QEDpOZIFkDtnq5JRxmvl3jsoQ==",
      "engines": {
        "node": ">=0.10.0"
      }
    },
    "node_modules/is-glob": {
      "version": "4.0.3",
      "resolved": "https://registry.npmjs.org/is-glob/-/is-glob-4.0.3.tgz",
      "integrity": "sha512-xelSayHH36ZgE7ZWhli7pW34hNbNl8Ojv5KVmkJD4hBdD3th8Tfk9vYasLM+mXWOZhFkgZfxhLSnrwRr4elSSg==",
      "dependencies": {
        "is-extglob": "^2.1.1"
      },
      "engines": {
        "node": ">=0.10.0"
      }
    },
    "node_modules/is-number": {
      "version": "7.0.0",
      "resolved": "https://registry.npmjs.org/is-number/-/is-number-7.0.0.tgz",
      "integrity": "sha512-41Cifkg6e8TylSpdtTpeLVMqvSBEVzTttHvERD741+pnZ8ANv0004MRL43QKPDlK9cGvNp6NZWZUBlbGXYxxng==",
      "engines": {
        "node": ">=0.12.0"
      }
    },
    "node_modules/jsonc-parser": {
      "version": "3.2.0",
      "resolved": "https://registry.npmjs.org/jsonc-parser/-/jsonc-parser-3.2.0.tgz",
      "integrity": "sha512-gfFQZrcTc8CnKXp6Y4/CBT3fTc0OVuDofpre4aEeEpSBPV5X5v4+Vmx+8snU7RLPrNHPKSgLxGo9YuQzz20o+w=="
    },
    "node_modules/lunr": {
      "version": "2.3.9",
      "resolved": "https://registry.npmjs.org/lunr/-/lunr-2.3.9.tgz",
      "integrity": "sha512-zTU3DaZaF3Rt9rhN3uBMGQD3dD2/vFQqnvZCDv4dl5iOzq2IZQqTxu90r4E5J+nP70J3ilqVCrbho2eWaeW8Ow=="
    },
    "node_modules/marked": {
      "version": "4.3.0",
      "resolved": "https://registry.npmjs.org/marked/-/marked-4.3.0.tgz",
      "integrity": "sha512-PRsaiG84bK+AMvxziE/lCFss8juXjNaWzVbN5tXAm4XjeaS9NAHhop+PjQxz2A9h8Q4M/xGmzP8vqNwy6JeK0A==",
      "bin": {
        "marked": "bin/marked.js"
      },
      "engines": {
        "node": ">= 12"
      }
    },
    "node_modules/minimatch": {
      "version": "9.0.0",
      "resolved": "https://registry.npmjs.org/minimatch/-/minimatch-9.0.0.tgz",
      "integrity": "sha512-0jJj8AvgKqWN05mrwuqi8QYKx1WmYSUoKSxu5Qhs9prezTz10sxAHGNZe9J9cqIJzta8DWsleh2KaVaLl6Ru2w==",
      "dependencies": {
        "brace-expansion": "^2.0.1"
      },
      "engines": {
        "node": ">=16 || 14 >=14.17"
      },
      "funding": {
        "url": "https://github.com/sponsors/isaacs"
      }
    },
    "node_modules/normalize-path": {
      "version": "3.0.0",
      "resolved": "https://registry.npmjs.org/normalize-path/-/normalize-path-3.0.0.tgz",
      "integrity": "sha512-6eZs5Ls3WtCisHWp9S2GUy8dqkpGi4BVSz3GaqiE6ezub0512ESztXUwUB6C6IKbQkY2Pnb/mD4WYojCRwcwLA==",
      "engines": {
        "node": ">=0.10.0"
      }
    },
    "node_modules/picomatch": {
      "version": "2.3.1",
      "resolved": "https://registry.npmjs.org/picomatch/-/picomatch-2.3.1.tgz",
      "integrity": "sha512-JU3teHTNjmE2VCGFzuY8EXzCDVwEqB2a8fsIvwaStHhAWJEeVd1o1QD80CU6+ZdEXXSLbSsuLwJjkCBWqRQUVA==",
      "engines": {
        "node": ">=8.6"
      },
      "funding": {
        "url": "https://github.com/sponsors/jonschlinkert"
      }
    },
    "node_modules/readdirp": {
      "version": "3.6.0",
      "resolved": "https://registry.npmjs.org/readdirp/-/readdirp-3.6.0.tgz",
      "integrity": "sha512-hOS089on8RduqdbhvQ5Z37A0ESjsqz6qnRcffsMU3495FuTdqSm+7bhJ29JvIOsBDEEnan5DPu9t3To9VRlMzA==",
      "dependencies": {
        "picomatch": "^2.2.1"
      },
      "engines": {
        "node": ">=8.10.0"
      }
    },
    "node_modules/sass": {
      "version": "1.62.1",
      "resolved": "https://registry.npmjs.org/sass/-/sass-1.62.1.tgz",
      "integrity": "sha512-NHpxIzN29MXvWiuswfc1W3I0N8SXBd8UR26WntmDlRYf0bSADnwnOjsyMZ3lMezSlArD33Vs3YFhp7dWvL770A==",
      "dependencies": {
        "chokidar": ">=3.0.0 <4.0.0",
        "immutable": "^4.0.0",
        "source-map-js": ">=0.6.2 <2.0.0"
      },
      "bin": {
        "sass": "sass.js"
      },
      "engines": {
        "node": ">=14.0.0"
      }
    },
    "node_modules/shiki": {
      "version": "0.14.2",
      "resolved": "https://registry.npmjs.org/shiki/-/shiki-0.14.2.tgz",
      "integrity": "sha512-ltSZlSLOuSY0M0Y75KA+ieRaZ0Trf5Wl3gutE7jzLuIcWxLp5i/uEnLoQWNvgKXQ5OMpGkJnVMRLAuzjc0LJ2A==",
      "dependencies": {
        "ansi-sequence-parser": "^1.1.0",
        "jsonc-parser": "^3.2.0",
        "vscode-oniguruma": "^1.7.0",
        "vscode-textmate": "^8.0.0"
      }
    },
    "node_modules/source-map-js": {
      "version": "1.0.2",
      "resolved": "https://registry.npmjs.org/source-map-js/-/source-map-js-1.0.2.tgz",
      "integrity": "sha512-R0XvVJ9WusLiqTCEiGCmICCMplcCkIwwR11mOSD9CR5u+IXYdiseeEuXCVAjS54zqwkLcPNnmU4OeJ6tUrWhDw==",
      "engines": {
        "node": ">=0.10.0"
      }
    },
    "node_modules/suika-docs-theme": {
      "version": "1.0.7",
      "resolved": "https://registry.npmjs.org/suika-docs-theme/-/suika-docs-theme-1.0.7.tgz",
      "integrity": "sha512-hxl5m11oskGtx7ptu3/n6fSY4JNDgj9jAZXvvUmMErgdEuIeAtl6cncy/RPBtI4S3tGQq/EN1q0uq9q39tqIJg==",
      "dependencies": {
        "sass": "^1.62.0"
      },
      "peerDependencies": {
        "typedoc": "^0.24.5"
      }
    },
    "node_modules/to-regex-range": {
      "version": "5.0.1",
      "resolved": "https://registry.npmjs.org/to-regex-range/-/to-regex-range-5.0.1.tgz",
      "integrity": "sha512-65P7iz6X5yEr1cwcgvQxbbIw7Uk3gOy5dIdtZ4rDveLqhrdJP+Li/Hx6tyK0NEb+2GCyneCMJiGqrADCSNk8sQ==",
      "dependencies": {
        "is-number": "^7.0.0"
      },
      "engines": {
        "node": ">=8.0"
      }
    },
    "node_modules/typedoc": {
      "version": "0.24.6",
      "resolved": "https://registry.npmjs.org/typedoc/-/typedoc-0.24.6.tgz",
      "integrity": "sha512-c3y3h45xJv3qYwKDAwU6Cl+26CjT0ZvblHzfHJ+SjQDM4p1mZxtgHky4lhmG0+nNarRht8kADfZlbspJWdZarQ==",
      "dependencies": {
        "lunr": "^2.3.9",
        "marked": "^4.3.0",
        "minimatch": "^9.0.0",
        "shiki": "^0.14.1"
      },
      "bin": {
        "typedoc": "bin/typedoc"
      },
      "engines": {
        "node": ">= 14.14"
      },
      "peerDependencies": {
        "typescript": "4.6.x || 4.7.x || 4.8.x || 4.9.x || 5.0.x"
      }
    },
    "node_modules/typedoc-default-themes-dark": {
      "version": "0.12.10",
      "resolved": "https://registry.npmjs.org/typedoc-default-themes-dark/-/typedoc-default-themes-dark-0.12.10.tgz",
      "integrity": "sha512-XZ1Eb9mrIxzbch7sk3vn7J8anD1aq2xRx4XWvyKweqxQlKFf1UmDOjNzCvSbDJWK5J+6Nwx4I+YNiJFK3eIBgw==",
      "engines": {
        "node": ">= 8"
      }
    },
    "node_modules/typescript": {
      "version": "5.0.4",
      "resolved": "https://registry.npmjs.org/typescript/-/typescript-5.0.4.tgz",
      "integrity": "sha512-cW9T5W9xY37cc+jfEnaUvX91foxtHkza3Nw3wkoF4sSlKn0MONdkdEndig/qPBWXNkmplh3NzayQzCiHM4/hqw==",
      "peer": true,
      "bin": {
        "tsc": "bin/tsc",
        "tsserver": "bin/tsserver"
      },
      "engines": {
        "node": ">=12.20"
      }
    },
    "node_modules/vscode-oniguruma": {
      "version": "1.7.0",
      "resolved": "https://registry.npmjs.org/vscode-oniguruma/-/vscode-oniguruma-1.7.0.tgz",
      "integrity": "sha512-L9WMGRfrjOhgHSdOYgCt/yRMsXzLDJSL7BPrOZt73gU0iWO4mpqzqQzOz5srxqTvMBaR0XZTSrVWo4j55Rc6cA=="
    },
    "node_modules/vscode-textmate": {
      "version": "8.0.0",
      "resolved": "https://registry.npmjs.org/vscode-textmate/-/vscode-textmate-8.0.0.tgz",
      "integrity": "sha512-AFbieoL7a5LMqcnOF04ji+rpXadgOXnZsxQr//r83kLPr7biP7am3g9zbaZIaBGwBRWeSvoMD4mgPdX3e4NWBg=="
    }
  },
  "dependencies": {
    "@minecraft/server": {
      "version": "1.2.0-beta.1.19.80-stable",
      "resolved": "https://registry.npmjs.org/@minecraft/server/-/server-1.2.0-beta.1.19.80-stable.tgz",
      "integrity": "sha512-EVlPbaMWmQMJtPwCPtRMqsmWLTWzOUzUdBjDZWQ+3hM4Oi4OqoFTR22i+e0CgJ6UVHNx/xNyh5h6h0AV36pkxw=="
    },
    "@minecraft/server-admin": {
      "version": "1.0.0-beta.1.20.0-preview.22",
      "resolved": "https://registry.npmjs.org/@minecraft/server-admin/-/server-admin-1.0.0-beta.1.20.0-preview.22.tgz",
      "integrity": "sha512-41jcSvIBaZoWZ1usXRpbju1S5ayXKOF3Y+QMHVHdDFsV1LiTsbujjZpsZwRwU04ZzU4VnpEtgzSmpE/+0VFPdw=="
    },
    "@minecraft/server-gametest": {
      "version": "1.0.0-beta.1.20.0-preview.22",
      "resolved": "https://registry.npmjs.org/@minecraft/server-gametest/-/server-gametest-1.0.0-beta.1.20.0-preview.22.tgz",
      "integrity": "sha512-xzj9a80nMx3FUoySTaoy5EQdBauAZtr+sbhmxljulP0/qNCAoly7PtSXvT5CedQX5ultC/7KYH0Nv51fQZq4lQ==",
      "requires": {
        "@minecraft/server": "1.3.0-beta.1.20.0-preview.22"
      },
      "dependencies": {
        "@minecraft/server": {
          "version": "1.3.0-beta.1.20.0-preview.22",
          "resolved": "https://registry.npmjs.org/@minecraft/server/-/server-1.3.0-beta.1.20.0-preview.22.tgz",
          "integrity": "sha512-u+EXv+6tkJ7c8uab6ENjYf3jWHXYE187s9/56HrgNuf3sJ3P31GzfYlgh+ioHrVX/W31DZb3IQpdBbMCfaFUcA=="
        }
      }
    },
    "@minecraft/server-net": {
      "version": "1.0.0-beta.1.20.0-preview.22",
      "resolved": "https://registry.npmjs.org/@minecraft/server-net/-/server-net-1.0.0-beta.1.20.0-preview.22.tgz",
      "integrity": "sha512-UXLS5Rr9YlTQ84cvXF8mwPN4PCqiUgvqIiNO3BkqjL4bKRQsoBFC5qGYC68ZHWdpJBjDoIVgDRYaM3/Jdz+0BA==",
      "requires": {
        "@minecraft/server-admin": "1.0.0-beta.1.20.0-preview.22"
      }
    },
    "@minecraft/server-ui": {
      "version": "1.0.0-beta.1.19.80-stable",
      "resolved": "https://registry.npmjs.org/@minecraft/server-ui/-/server-ui-1.0.0-beta.1.19.80-stable.tgz",
      "integrity": "sha512-elCqJecskP3kVUM5hB9GOZh/mNVk221iCvam1M8h/vRHxts/8mxIZo2Cw8T+BjMh4Ga1gsUXhouMIlcBYMIVyw==",
      "requires": {
        "@minecraft/server": "1.2.0-beta.1.19.80-stable"
      }
    },
    "@types/mojang-gametest": {
      "version": "0.1.5",
      "resolved": "https://registry.npmjs.org/@types/mojang-gametest/-/mojang-gametest-0.1.5.tgz",
      "integrity": "sha512-wFSw1R/Xmck7bg6RATTMapiLlz+3gY87fAgcBQM+SJWPyA08GW1t4a5DYVCUlM45uNrcbS38orWrDTU2xY5KQQ==",
      "requires": {
        "@types/mojang-minecraft": "*"
      }
    },
    "@types/mojang-minecraft": {
      "version": "0.1.6",
      "resolved": "https://registry.npmjs.org/@types/mojang-minecraft/-/mojang-minecraft-0.1.6.tgz",
      "integrity": "sha512-Zho2/JYWmowvOYGVcnV08DRASYm66oeENR4yvXTLpMXWJm/j12rbuk5ddXQoE+GIu+vsbsQzzJFHeZ3HxI1TLw=="
    },
    "@types/mojang-minecraft-ui": {
      "version": "0.1.0",
      "resolved": "https://registry.npmjs.org/@types/mojang-minecraft-ui/-/mojang-minecraft-ui-0.1.0.tgz",
      "integrity": "sha512-JGQ3xEPEV4DZsUKM4GgLpoWbLUHyMsN9vLRhClOQItgNd79TireJPGwJ+4bnTWddreL4oqxI32ceIQThG/GoTw==",
      "requires": {
        "@types/mojang-minecraft": "*"
      }
    },
    "ansi-sequence-parser": {
      "version": "1.1.0",
      "resolved": "https://registry.npmjs.org/ansi-sequence-parser/-/ansi-sequence-parser-1.1.0.tgz",
      "integrity": "sha512-lEm8mt52to2fT8GhciPCGeCXACSz2UwIN4X2e2LJSnZ5uAbn2/dsYdOmUXq0AtWS5cpAupysIneExOgH0Vd2TQ=="
    },
    "anymatch": {
      "version": "3.1.3",
      "resolved": "https://registry.npmjs.org/anymatch/-/anymatch-3.1.3.tgz",
      "integrity": "sha512-KMReFUr0B4t+D+OBkjR3KYqvocp2XaSzO55UcB6mgQMd3KbcE+mWTyvVV7D/zsdEbNnV6acZUutkiHQXvTr1Rw==",
      "requires": {
        "normalize-path": "^3.0.0",
        "picomatch": "^2.0.4"
      }
    },
    "balanced-match": {
      "version": "1.0.2",
      "resolved": "https://registry.npmjs.org/balanced-match/-/balanced-match-1.0.2.tgz",
      "integrity": "sha512-3oSeUO0TMV67hN1AmbXsK4yaqU7tjiHlbxRDZOpH0KW9+CeX4bRAaX0Anxt0tx2MrpRpWwQaPwIlISEJhYU5Pw=="
    },
    "binary-extensions": {
      "version": "2.2.0",
      "resolved": "https://registry.npmjs.org/binary-extensions/-/binary-extensions-2.2.0.tgz",
      "integrity": "sha512-jDctJ/IVQbZoJykoeHbhXpOlNBqGNcwXJKJog42E5HDPUwQTSdjCHdihjj0DlnheQ7blbT6dHOafNAiS8ooQKA=="
    },
    "brace-expansion": {
      "version": "2.0.1",
      "resolved": "https://registry.npmjs.org/brace-expansion/-/brace-expansion-2.0.1.tgz",
      "integrity": "sha512-XnAIvQ8eM+kC6aULx6wuQiwVsnzsi9d3WxzV3FpWTGA19F621kwdbsAcFKXgKUHZWsy+mY6iL1sHTxWEFCytDA==",
      "requires": {
        "balanced-match": "^1.0.0"
      }
    },
    "braces": {
      "version": "3.0.2",
      "resolved": "https://registry.npmjs.org/braces/-/braces-3.0.2.tgz",
      "integrity": "sha512-b8um+L1RzM3WDSzvhm6gIz1yfTbBt6YTlcEKAvsmqCZZFw46z626lVj9j1yEPW33H5H+lBQpZMP1k8l+78Ha0A==",
      "requires": {
        "fill-range": "^7.0.1"
      }
    },
    "chokidar": {
      "version": "3.5.3",
      "resolved": "https://registry.npmjs.org/chokidar/-/chokidar-3.5.3.tgz",
      "integrity": "sha512-Dr3sfKRP6oTcjf2JmUmFJfeVMvXBdegxB0iVQ5eb2V10uFJUCAS8OByZdVAyVb8xXNz3GjjTgj9kLWsZTqE6kw==",
      "requires": {
        "anymatch": "~3.1.2",
        "braces": "~3.0.2",
        "fsevents": "~2.3.2",
        "glob-parent": "~5.1.2",
        "is-binary-path": "~2.1.0",
        "is-glob": "~4.0.1",
        "normalize-path": "~3.0.0",
        "readdirp": "~3.6.0"
      }
    },
    "fill-range": {
      "version": "7.0.1",
      "resolved": "https://registry.npmjs.org/fill-range/-/fill-range-7.0.1.tgz",
      "integrity": "sha512-qOo9F+dMUmC2Lcb4BbVvnKJxTPjCm+RRpe4gDuGrzkL7mEVl/djYSu2OdQ2Pa302N4oqkSg9ir6jaLWJ2USVpQ==",
      "requires": {
        "to-regex-range": "^5.0.1"
      }
    },
    "fsevents": {
      "version": "2.3.2",
      "resolved": "https://registry.npmjs.org/fsevents/-/fsevents-2.3.2.tgz",
      "integrity": "sha512-xiqMQR4xAeHTuB9uWm+fFRcIOgKBMiOBP+eXiyT7jsgVCq1bkVygt00oASowB7EdtpOHaaPgKt812P9ab+DDKA==",
      "optional": true
    },
    "glob-parent": {
      "version": "5.1.2",
      "resolved": "https://registry.npmjs.org/glob-parent/-/glob-parent-5.1.2.tgz",
      "integrity": "sha512-AOIgSQCepiJYwP3ARnGx+5VnTu2HBYdzbGP45eLw1vr3zB3vZLeyed1sC9hnbcOc9/SrMyM5RPQrkGz4aS9Zow==",
      "requires": {
        "is-glob": "^4.0.1"
      }
    },
    "immutable": {
      "version": "4.3.0",
      "resolved": "https://registry.npmjs.org/immutable/-/immutable-4.3.0.tgz",
      "integrity": "sha512-0AOCmOip+xgJwEVTQj1EfiDDOkPmuyllDuTuEX+DDXUgapLAsBIfkg3sxCYyCEA8mQqZrrxPUGjcOQ2JS3WLkg=="
    },
    "is-binary-path": {
      "version": "2.1.0",
      "resolved": "https://registry.npmjs.org/is-binary-path/-/is-binary-path-2.1.0.tgz",
      "integrity": "sha512-ZMERYes6pDydyuGidse7OsHxtbI7WVeUEozgR/g7rd0xUimYNlvZRE/K2MgZTjWy725IfelLeVcEM97mmtRGXw==",
      "requires": {
        "binary-extensions": "^2.0.0"
      }
    },
    "is-extglob": {
      "version": "2.1.1",
      "resolved": "https://registry.npmjs.org/is-extglob/-/is-extglob-2.1.1.tgz",
      "integrity": "sha512-SbKbANkN603Vi4jEZv49LeVJMn4yGwsbzZworEoyEiutsN3nJYdbO36zfhGJ6QEDpOZIFkDtnq5JRxmvl3jsoQ=="
    },
    "is-glob": {
      "version": "4.0.3",
      "resolved": "https://registry.npmjs.org/is-glob/-/is-glob-4.0.3.tgz",
      "integrity": "sha512-xelSayHH36ZgE7ZWhli7pW34hNbNl8Ojv5KVmkJD4hBdD3th8Tfk9vYasLM+mXWOZhFkgZfxhLSnrwRr4elSSg==",
      "requires": {
        "is-extglob": "^2.1.1"
      }
    },
    "is-number": {
      "version": "7.0.0",
      "resolved": "https://registry.npmjs.org/is-number/-/is-number-7.0.0.tgz",
      "integrity": "sha512-41Cifkg6e8TylSpdtTpeLVMqvSBEVzTttHvERD741+pnZ8ANv0004MRL43QKPDlK9cGvNp6NZWZUBlbGXYxxng=="
    },
    "jsonc-parser": {
      "version": "3.2.0",
      "resolved": "https://registry.npmjs.org/jsonc-parser/-/jsonc-parser-3.2.0.tgz",
      "integrity": "sha512-gfFQZrcTc8CnKXp6Y4/CBT3fTc0OVuDofpre4aEeEpSBPV5X5v4+Vmx+8snU7RLPrNHPKSgLxGo9YuQzz20o+w=="
    },
    "lunr": {
      "version": "2.3.9",
      "resolved": "https://registry.npmjs.org/lunr/-/lunr-2.3.9.tgz",
      "integrity": "sha512-zTU3DaZaF3Rt9rhN3uBMGQD3dD2/vFQqnvZCDv4dl5iOzq2IZQqTxu90r4E5J+nP70J3ilqVCrbho2eWaeW8Ow=="
    },
    "marked": {
      "version": "4.3.0",
      "resolved": "https://registry.npmjs.org/marked/-/marked-4.3.0.tgz",
      "integrity": "sha512-PRsaiG84bK+AMvxziE/lCFss8juXjNaWzVbN5tXAm4XjeaS9NAHhop+PjQxz2A9h8Q4M/xGmzP8vqNwy6JeK0A=="
    },
    "minimatch": {
      "version": "9.0.0",
      "resolved": "https://registry.npmjs.org/minimatch/-/minimatch-9.0.0.tgz",
      "integrity": "sha512-0jJj8AvgKqWN05mrwuqi8QYKx1WmYSUoKSxu5Qhs9prezTz10sxAHGNZe9J9cqIJzta8DWsleh2KaVaLl6Ru2w==",
      "requires": {
        "brace-expansion": "^2.0.1"
      }
    },
    "normalize-path": {
      "version": "3.0.0",
      "resolved": "https://registry.npmjs.org/normalize-path/-/normalize-path-3.0.0.tgz",
      "integrity": "sha512-6eZs5Ls3WtCisHWp9S2GUy8dqkpGi4BVSz3GaqiE6ezub0512ESztXUwUB6C6IKbQkY2Pnb/mD4WYojCRwcwLA=="
    },
    "picomatch": {
      "version": "2.3.1",
      "resolved": "https://registry.npmjs.org/picomatch/-/picomatch-2.3.1.tgz",
      "integrity": "sha512-JU3teHTNjmE2VCGFzuY8EXzCDVwEqB2a8fsIvwaStHhAWJEeVd1o1QD80CU6+ZdEXXSLbSsuLwJjkCBWqRQUVA=="
    },
    "readdirp": {
      "version": "3.6.0",
      "resolved": "https://registry.npmjs.org/readdirp/-/readdirp-3.6.0.tgz",
      "integrity": "sha512-hOS089on8RduqdbhvQ5Z37A0ESjsqz6qnRcffsMU3495FuTdqSm+7bhJ29JvIOsBDEEnan5DPu9t3To9VRlMzA==",
      "requires": {
        "picomatch": "^2.2.1"
      }
    },
    "sass": {
      "version": "1.62.1",
      "resolved": "https://registry.npmjs.org/sass/-/sass-1.62.1.tgz",
      "integrity": "sha512-NHpxIzN29MXvWiuswfc1W3I0N8SXBd8UR26WntmDlRYf0bSADnwnOjsyMZ3lMezSlArD33Vs3YFhp7dWvL770A==",
      "requires": {
        "chokidar": ">=3.0.0 <4.0.0",
        "immutable": "^4.0.0",
        "source-map-js": ">=0.6.2 <2.0.0"
      }
    },
    "shiki": {
      "version": "0.14.2",
      "resolved": "https://registry.npmjs.org/shiki/-/shiki-0.14.2.tgz",
      "integrity": "sha512-ltSZlSLOuSY0M0Y75KA+ieRaZ0Trf5Wl3gutE7jzLuIcWxLp5i/uEnLoQWNvgKXQ5OMpGkJnVMRLAuzjc0LJ2A==",
      "requires": {
        "ansi-sequence-parser": "^1.1.0",
        "jsonc-parser": "^3.2.0",
        "vscode-oniguruma": "^1.7.0",
        "vscode-textmate": "^8.0.0"
      }
    },
    "source-map-js": {
      "version": "1.0.2",
      "resolved": "https://registry.npmjs.org/source-map-js/-/source-map-js-1.0.2.tgz",
      "integrity": "sha512-R0XvVJ9WusLiqTCEiGCmICCMplcCkIwwR11mOSD9CR5u+IXYdiseeEuXCVAjS54zqwkLcPNnmU4OeJ6tUrWhDw=="
    },
    "suika-docs-theme": {
      "version": "1.0.7",
      "resolved": "https://registry.npmjs.org/suika-docs-theme/-/suika-docs-theme-1.0.7.tgz",
      "integrity": "sha512-hxl5m11oskGtx7ptu3/n6fSY4JNDgj9jAZXvvUmMErgdEuIeAtl6cncy/RPBtI4S3tGQq/EN1q0uq9q39tqIJg==",
      "requires": {
        "sass": "^1.62.0"
      }
    },
    "to-regex-range": {
      "version": "5.0.1",
      "resolved": "https://registry.npmjs.org/to-regex-range/-/to-regex-range-5.0.1.tgz",
      "integrity": "sha512-65P7iz6X5yEr1cwcgvQxbbIw7Uk3gOy5dIdtZ4rDveLqhrdJP+Li/Hx6tyK0NEb+2GCyneCMJiGqrADCSNk8sQ==",
      "requires": {
        "is-number": "^7.0.0"
      }
    },
    "typedoc": {
      "version": "0.24.6",
      "resolved": "https://registry.npmjs.org/typedoc/-/typedoc-0.24.6.tgz",
      "integrity": "sha512-c3y3h45xJv3qYwKDAwU6Cl+26CjT0ZvblHzfHJ+SjQDM4p1mZxtgHky4lhmG0+nNarRht8kADfZlbspJWdZarQ==",
      "requires": {
        "lunr": "^2.3.9",
        "marked": "^4.3.0",
        "minimatch": "^9.0.0",
        "shiki": "^0.14.1"
      }
    },
    "typedoc-default-themes-dark": {
      "version": "0.12.10",
      "resolved": "https://registry.npmjs.org/typedoc-default-themes-dark/-/typedoc-default-themes-dark-0.12.10.tgz",
      "integrity": "sha512-XZ1Eb9mrIxzbch7sk3vn7J8anD1aq2xRx4XWvyKweqxQlKFf1UmDOjNzCvSbDJWK5J+6Nwx4I+YNiJFK3eIBgw=="
    },
    "typescript": {
      "version": "5.0.4",
      "resolved": "https://registry.npmjs.org/typescript/-/typescript-5.0.4.tgz",
      "integrity": "sha512-cW9T5W9xY37cc+jfEnaUvX91foxtHkza3Nw3wkoF4sSlKn0MONdkdEndig/qPBWXNkmplh3NzayQzCiHM4/hqw==",
      "peer": true
    },
    "vscode-oniguruma": {
      "version": "1.7.0",
      "resolved": "https://registry.npmjs.org/vscode-oniguruma/-/vscode-oniguruma-1.7.0.tgz",
      "integrity": "sha512-L9WMGRfrjOhgHSdOYgCt/yRMsXzLDJSL7BPrOZt73gU0iWO4mpqzqQzOz5srxqTvMBaR0XZTSrVWo4j55Rc6cA=="
    },
    "vscode-textmate": {
      "version": "8.0.0",
      "resolved": "https://registry.npmjs.org/vscode-textmate/-/vscode-textmate-8.0.0.tgz",
      "integrity": "sha512-AFbieoL7a5LMqcnOF04ji+rpXadgOXnZsxQr//r83kLPr7biP7am3g9zbaZIaBGwBRWeSvoMD4mgPdX3e4NWBg=="
    }
  }
}
